
Microsoft Visual Studio Solution File, Format Version 12.00
# Visual Studio 15
VisualStudioVersion = 15.0.28010.2041
MinimumVisualStudioVersion = 10.0.40219.1
Project("{FAE04EC0-301F-11D3-BF4B-00C04F79EFBC}") = "pract6_ex1", "pract6_ex1\pract6_ex1.csproj", "{8D5CA104-9F80-4457-8BCD-20F7F075F543}"
EndProject
Global
	GlobalSection(SolutionConfigurationPlatforms) = preSolution
		Debug|Any CPU = Debug|Any CPU
		Release|Any CPU = Release|Any CPU
	EndGlobalSection
	GlobalSection(ProjectConfigurationPlatforms) = postSolution
		{8D5CA104-9F80-4457-8BCD-20F7F075F543}.Debug|Any CPU.ActiveCfg = Debug|Any CPU
		{8D5CA104-9F80-4457-8BCD-20F7F075F543}.Debug|Any CPU.Build.0 = Debug|Any CPU
		{8D5CA104-9F80-4457-8BCD-20F7F075F543}.Release|Any CPU.ActiveCfg = Release|Any CPU
		{8D5CA104-9F80-4457-8BCD-20F7F075F543}.Release|Any CPU.Build.0 = Release|Any CPU
	EndGlobalSection
	GlobalSection(SolutionProperties) = preSolution
		HideSolutionNode = FALSE
	EndGlobalSection
	GlobalSection(ExtensibilityGlobals) = postSolution
		SolutionGuid = {2B23EBC6-5BBE-43F4-90CF-40110518CBCF}
	EndGlobalSection
EndGlobal
